
Microsoft Visual Studio Solution File, Format Version 12.00
# Visual Studio Version 16
VisualStudioVersion = 16.0.33801.447
MinimumVisualStudioVersion = 10.0.40219.1
Project("{FAE04EC0-301F-11D3-BF4B-00C04F79EFBC}") = "YugiohImagePrinter", "YugiohImagePrinter.csproj", "{D01F24CE-7C11-4B8D-BD51-5DAA70EE2397}"
EndProject
Project("{54435603-DBB4-11D2-8724-00A0C9A8B90C}") = "SetUpYugiohImagePrinter", "..\SetUpYugiohImagePrinter\SetUpYugiohImagePrinter.vdproj", "{9C11292E-B90A-4575-B283-360F9A4664F3}"
EndProject
Global
	GlobalSection(SolutionConfigurationPlatforms) = preSolution
		Debug|Any CPU = Debug|Any CPU
		Release|Any CPU = Release|Any CPU
	EndGlobalSection
	GlobalSection(ProjectConfigurationPlatforms) = postSolution
		{D01F24CE-7C11-4B8D-BD51-5DAA70EE2397}.Debug|Any CPU.ActiveCfg = Debug|Any CPU
		{D01F24CE-7C11-4B8D-BD51-5DAA70EE2397}.Debug|Any CPU.Build.0 = Debug|Any CPU
		{D01F24CE-7C11-4B8D-BD51-5DAA70EE2397}.Release|Any CPU.ActiveCfg = Release|Any CPU
		{D01F24CE-7C11-4B8D-BD51-5DAA70EE2397}.Release|Any CPU.Build.0 = Release|Any CPU
		{9C11292E-B90A-4575-B283-360F9A4664F3}.Debug|Any CPU.ActiveCfg = Debug
		{9C11292E-B90A-4575-B283-360F9A4664F3}.Release|Any CPU.ActiveCfg = Release
	EndGlobalSection
	GlobalSection(SolutionProperties) = preSolution
		HideSolutionNode = FALSE
	EndGlobalSection
	GlobalSection(ExtensibilityGlobals) = postSolution
		SolutionGuid = {0700E336-1071-42F2-AEDE-FC5849753E0D}
	EndGlobalSection
EndGlobal
